
Microsoft Visual Studio Solution File, Format Version 12.00
# Visual Studio Version 17
VisualStudioVersion = 17.11.35208.52
MinimumVisualStudioVersion = 10.0.40219.1
Project("{FAE04EC0-301F-11D3-BF4B-00C04F79EFBC}") = "HandlerProject", "HandlerProject\HandlerProject.csproj", "{C65280CD-151F-452A-A39C-B6E6F55C6507}"
EndProject
Global
	GlobalSection(SolutionConfigurationPlatforms) = preSolution
		Debug|Any CPU = Debug|Any CPU
		Release|Any CPU = Release|Any CPU
	EndGlobalSection
	GlobalSection(ProjectConfigurationPlatforms) = postSolution
		{C65280CD-151F-452A-A39C-B6E6F55C6507}.Debug|Any CPU.ActiveCfg = Debug|Any CPU
		{C65280CD-151F-452A-A39C-B6E6F55C6507}.Debug|Any CPU.Build.0 = Debug|Any CPU
		{C65280CD-151F-452A-A39C-B6E6F55C6507}.Release|Any CPU.ActiveCfg = Release|Any CPU
		{C65280CD-151F-452A-A39C-B6E6F55C6507}.Release|Any CPU.Build.0 = Release|Any CPU
	EndGlobalSection
	GlobalSection(SolutionProperties) = preSolution
		HideSolutionNode = FALSE
	EndGlobalSection
	GlobalSection(ExtensibilityGlobals) = postSolution
		SolutionGuid = {26BF58F2-069B-449D-9182-BA17605A1277}
	EndGlobalSection
EndGlobal
